
Microsoft Visual Studio Solution File, Format Version 12.00
# Visual Studio Version 17
VisualStudioVersion = 17.6.33801.468
MinimumVisualStudioVersion = 10.0.40219.1
Project("{888888A0-9F3D-457C-B088-3A5042F75D52}") = "Coil", "Coil\Coil.pyproj", "{84BDB4C4-574E-42C8-9CCC-9A6A18651F19}"
EndProject
Global
	GlobalSection(SolutionConfigurationPlatforms) = preSolution
		Debug|Any CPU = Debug|Any CPU
		Release|Any CPU = Release|Any CPU
	EndGlobalSection
	GlobalSection(ProjectConfigurationPlatforms) = postSolution
		{84BDB4C4-574E-42C8-9CCC-9A6A18651F19}.Debug|Any CPU.ActiveCfg = Debug|Any CPU
		{84BDB4C4-574E-42C8-9CCC-9A6A18651F19}.Release|Any CPU.ActiveCfg = Release|Any CPU
	EndGlobalSection
	GlobalSection(SolutionProperties) = preSolution
		HideSolutionNode = FALSE
	EndGlobalSection
	GlobalSection(ExtensibilityGlobals) = postSolution
		SolutionGuid = {8E66C69E-3795-43F6-B769-E3A9987E0988}
	EndGlobalSection
EndGlobal
